
Microsoft Visual Studio Solution File, Format Version 12.00
# Visual Studio 15
Project("{FAE04EC0-301F-11D3-BF4B-00C04F79EFBC}") = "Assembly-CSharp", "Assembly-CSharp.csproj", "{B57D2B27-CEB7-24F3-8C97-9934F1C78D40}"
EndProject
Global
	GlobalSection(SolutionConfigurationPlatforms) = preSolution
		Debug|Any CPU = Debug|Any CPU
		Release|Any CPU = Release|Any CPU
	EndGlobalSection
	GlobalSection(ProjectConfigurationPlatforms) = postSolution
		{B57D2B27-CEB7-24F3-8C97-9934F1C78D40}.Debug|Any CPU.ActiveCfg = Debug|Any CPU
		{B57D2B27-CEB7-24F3-8C97-9934F1C78D40}.Debug|Any CPU.Build.0 = Debug|Any CPU
		{B57D2B27-CEB7-24F3-8C97-9934F1C78D40}.Release|Any CPU.ActiveCfg = Release|Any CPU
		{B57D2B27-CEB7-24F3-8C97-9934F1C78D40}.Release|Any CPU.Build.0 = Release|Any CPU
	EndGlobalSection
	GlobalSection(SolutionProperties) = preSolution
		HideSolutionNode = FALSE
	EndGlobalSection
EndGlobal
